
Microsoft Visual Studio Solution File, Format Version 12.00
# Visual Studio Version 17
VisualStudioVersion = 17.0.32014.148
MinimumVisualStudioVersion = 10.0.40219.1
Project("{FAE04EC0-301F-11D3-BF4B-00C04F79EFBC}") = "MemoryGame", "MemoryGame.csproj", "{38B704E8-0E37-4762-B8E4-0BC1ED401F32}"
EndProject
Global
	GlobalSection(SolutionConfigurationPlatforms) = preSolution
		Debug|Any CPU = Debug|Any CPU
		Release|Any CPU = Release|Any CPU
	EndGlobalSection
	GlobalSection(ProjectConfigurationPlatforms) = postSolution
		{38B704E8-0E37-4762-B8E4-0BC1ED401F32}.Debug|Any CPU.ActiveCfg = Debug|Any CPU
		{38B704E8-0E37-4762-B8E4-0BC1ED401F32}.Debug|Any CPU.Build.0 = Debug|Any CPU
		{38B704E8-0E37-4762-B8E4-0BC1ED401F32}.Release|Any CPU.ActiveCfg = Release|Any CPU
		{38B704E8-0E37-4762-B8E4-0BC1ED401F32}.Release|Any CPU.Build.0 = Release|Any CPU
	EndGlobalSection
	GlobalSection(SolutionProperties) = preSolution
		HideSolutionNode = FALSE
	EndGlobalSection
	GlobalSection(ExtensibilityGlobals) = postSolution
		SolutionGuid = {D578698C-F53D-4CBF-86B6-A701BC02C08E}
	EndGlobalSection
EndGlobal
